// !$*UTF8*$!
{
	archiveVersion = 1;
	classes = {
	};
	objectVersion = 46;
	objects = {

/* Begin PBXBuildFile section */
		3B30DEC415FF5E9700F0E2E6 /* datafile.c in Sources */ = {isa = PBXBuildFile; fileRef = 3B30DEB915FF5E9700F0E2E6 /* datafile.c */; };
		3B30DEC515FF5E9700F0E2E6 /* flood.c in Sources */ = {isa = PBXBuildFile; fileRef = 3B30DEBB15FF5E9700F0E2E6 /* flood.c */; };
		3B30DEC615FF5E9700F0E2E6 /* hash.c in Sources */ = {isa = PBXBuildFile; fileRef = 3B30DEBD15FF5E9700F0E2E6 /* hash.c */; };
		3B30DEC715FF5E9700F0E2E6 /* jobdata.c in Sources */ = {isa = PBXBuildFile; fileRef = 3B30DEBF15FF5E9700F0E2E6 /* jobdata.c */; };
		3B30DEC815FF5E9700F0E2E6 /* patcher.c in Sources */ = {isa = PBXBuildFile; fileRef = 3B30DEC215FF5E9700F0E2E6 /* patcher.c */; };
/* End PBXBuildFile section */

/* Begin PBXCopyFilesBuildPhase section */
		3B4683A215FF5DD60071C38C /* CopyFiles */ = {
			isa = PBXCopyFilesBuildPhase;
			buildActionMask = 2147483647;
			dstPath = /usr/share/man/man1/;
			dstSubfolderSpec = 0;
			files = (
			);
			runOnlyForDeploymentPostprocessing = 1;
		};
/* End PBXCopyFilesBuildPhase section */

/* Begin PBXFileReference section */
		3B30DEB915FF5E9700F0E2E6 /* datafile.c */ = {isa = PBXFileReference; fileEncoding = 4; lastKnownFileType = sourcecode.c.c; name = datafile.c; path = src/datafile.c; sourceTree = SOURCE_ROOT; };
		3B30DEBA15FF5E9700F0E2E6 /* datafile.h */ = {isa = PBXFileReference; fileEncoding = 4; lastKnownFileType = sourcecode.c.h; name = datafile.h; path = src/datafile.h; sourceTree = SOURCE_ROOT; };
		3B30DEBB15FF5E9700F0E2E6 /* flood.c */ = {isa = PBXFileReference; fileEncoding = 4; lastKnownFileType = sourcecode.c.c; name = flood.c; path = src/flood.c; sourceTree = SOURCE_ROOT; };
		3B30DEBC15FF5E9700F0E2E6 /* flood.h */ = {isa = PBXFileReference; fileEncoding = 4; lastKnownFileType = sourcecode.c.h; name = flood.h; path = src/flood.h; sourceTree = SOURCE_ROOT; };
		3B30DEBD15FF5E9700F0E2E6 /* hash.c */ = {isa = PBXFileReference; fileEncoding = 4; lastKnownFileType = sourcecode.c.c; name = hash.c; path = src/hash.c; sourceTree = SOURCE_ROOT; };
		3B30DEBE15FF5E9700F0E2E6 /* hash.h */ = {isa = PBXFileReference; fileEncoding = 4; lastKnownFileType = sourcecode.c.h; name = hash.h; path = src/hash.h; sourceTree = SOURCE_ROOT; };
		3B30DEBF15FF5E9700F0E2E6 /* jobdata.c */ = {isa = PBXFileReference; fileEncoding = 4; lastKnownFileType = sourcecode.c.c; name = jobdata.c; path = src/jobdata.c; sourceTree = SOURCE_ROOT; };
		3B30DEC015FF5E9700F0E2E6 /* jobdata.h */ = {isa = PBXFileReference; fileEncoding = 4; lastKnownFileType = sourcecode.c.h; name = jobdata.h; path = src/jobdata.h; sourceTree = SOURCE_ROOT; };
		3B30DEC115FF5E9700F0E2E6 /* macros.h */ = {isa = PBXFileReference; fileEncoding = 4; lastKnownFileType = sourcecode.c.h; name = macros.h; path = src/macros.h; sourceTree = SOURCE_ROOT; };
		3B30DEC215FF5E9700F0E2E6 /* patcher.c */ = {isa = PBXFileReference; fileEncoding = 4; lastKnownFileType = sourcecode.c.c; name = patcher.c; path = src/patcher.c; sourceTree = SOURCE_ROOT; };
		3B30DEC315FF5E9700F0E2E6 /* patcher.h */ = {isa = PBXFileReference; fileEncoding = 4; lastKnownFileType = sourcecode.c.h; name = patcher.h; path = src/patcher.h; sourceTree = SOURCE_ROOT; };
		3B4683A415FF5DD60071C38C /* flood */ = {isa = PBXFileReference; explicitFileType = "compiled.mach-o.executable"; includeInIndex = 0; path = flood; sourceTree = BUILT_PRODUCTS_DIR; };
/* End PBXFileReference section */

/* Begin PBXFrameworksBuildPhase section */
		3B4683A115FF5DD60071C38C /* Frameworks */ = {
			isa = PBXFrameworksBuildPhase;
			buildActionMask = 2147483647;
			files = (
			);
			runOnlyForDeploymentPostprocessing = 0;
		};
/* End PBXFrameworksBuildPhase section */

/* Begin PBXGroup section */
		3B30DEB815FF5E7600F0E2E6 /* src */ = {
			isa = PBXGroup;
			children = (
				3B30DEB915FF5E9700F0E2E6 /* datafile.c */,
				3B30DEBA15FF5E9700F0E2E6 /* datafile.h */,
				3B30DEBB15FF5E9700F0E2E6 /* flood.c */,
				3B30DEBC15FF5E9700F0E2E6 /* flood.h */,
				3B30DEBD15FF5E9700F0E2E6 /* hash.c */,
				3B30DEBE15FF5E9700F0E2E6 /* hash.h */,
				3B30DEBF15FF5E9700F0E2E6 /* jobdata.c */,
				3B30DEC015FF5E9700F0E2E6 /* jobdata.h */,
				3B30DEC115FF5E9700F0E2E6 /* macros.h */,
				3B30DEC215FF5E9700F0E2E6 /* patcher.c */,
				3B30DEC315FF5E9700F0E2E6 /* patcher.h */,
			);
			name = src;
			sourceTree = "<group>";
		};
		3B46839915FF5DD60071C38C = {
			isa = PBXGroup;
			children = (
				3B30DEB815FF5E7600F0E2E6 /* src */,
				3B4683A715FF5DD60071C38C /* flood */,
				3B4683A515FF5DD60071C38C /* Products */,
			);
			sourceTree = "<group>";
		};
		3B4683A515FF5DD60071C38C /* Products */ = {
			isa = PBXGroup;
			children = (
				3B4683A415FF5DD60071C38C /* flood */,
			);
			name = Products;
			sourceTree = "<group>";
		};
		3B4683A715FF5DD60071C38C /* flood */ = {
			isa = PBXGroup;
			children = (
			);
			path = flood;
			sourceTree = "<group>";
		};
/* End PBXGroup section */

/* Begin PBXNativeTarget section */
		3B4683A315FF5DD60071C38C /* flood */ = {
			isa = PBXNativeTarget;
			buildConfigurationList = 3B4683AE15FF5DD60071C38C /* Build configuration list for PBXNativeTarget "flood" */;
			buildPhases = (
				3B4683A015FF5DD60071C38C /* Sources */,
				3B4683A115FF5DD60071C38C /* Frameworks */,
				3B4683A215FF5DD60071C38C /* CopyFiles */,
			);
			buildRules = (
			);
			dependencies = (
			);
			name = flood;
			productName = flood;
			productReference = 3B4683A415FF5DD60071C38C /* flood */;
			productType = "com.apple.product-type.tool";
		};
/* End PBXNativeTarget section */

/* Begin PBXProject section */
		3B46839B15FF5DD60071C38C /* Project object */ = {
			isa = PBXProject;
			attributes = {
				LastUpgradeCheck = 0440;
				ORGANIZATIONNAME = bigkm;
			};
			buildConfigurationList = 3B46839E15FF5DD60071C38C /* Build configuration list for PBXProject "flood" */;
			compatibilityVersion = "Xcode 3.2";
			developmentRegion = English;
			hasScannedForEncodings = 0;
			knownRegions = (
				en,
			);
			mainGroup = 3B46839915FF5DD60071C38C;
			productRefGroup = 3B4683A515FF5DD60071C38C /* Products */;
			projectDirPath = "";
			projectRoot = "";
			targets = (
				3B4683A315FF5DD60071C38C /* flood */,
			);
		};
/* End PBXProject section */

/* Begin PBXSourcesBuildPhase section */
		3B4683A015FF5DD60071C38C /* Sources */ = {
			isa = PBXSourcesBuildPhase;
			buildActionMask = 2147483647;
			files = (
				3B30DEC415FF5E9700F0E2E6 /* datafile.c in Sources */,
				3B30DEC515FF5E9700F0E2E6 /* flood.c in Sources */,
				3B30DEC615FF5E9700F0E2E6 /* hash.c in Sources */,
				3B30DEC715FF5E9700F0E2E6 /* jobdata.c in Sources */,
				3B30DEC815FF5E9700F0E2E6 /* patcher.c in Sources */,
			);
			runOnlyForDeploymentPostprocessing = 0;
		};
/* End PBXSourcesBuildPhase section */

/* Begin XCBuildConfiguration section */
		3B4683AC15FF5DD60071C38C /* Debug */ = {
			isa = XCBuildConfiguration;
			buildSettings = {
				ALWAYS_SEARCH_USER_PATHS = NO;
				ARCHS = "$(ARCHS_STANDARD_64_BIT)";
				CLANG_CXX_LANGUAGE_STANDARD = "gnu++0x";
				CLANG_WARN__DUPLICATE_METHOD_MATCH = YES;
				COPY_PHASE_STRIP = NO;
				GCC_C_LANGUAGE_STANDARD = gnu99;
				GCC_DYNAMIC_NO_PIC = NO;
				GCC_ENABLE_OBJC_EXCEPTIONS = YES;
				GCC_OPTIMIZATION_LEVEL = 0;
				GCC_PREPROCESSOR_DEFINITIONS = (
					"DEBUG=1",
					"$(inherited)",
				);
				GCC_SYMBOLS_PRIVATE_EXTERN = NO;
				GCC_WARN_64_TO_32_BIT_CONVERSION = YES;
				GCC_WARN_ABOUT_RETURN_TYPE = YES;
				GCC_WARN_UNINITIALIZED_AUTOS = YES;
				GCC_WARN_UNUSED_VARIABLE = YES;
				MACOSX_DEPLOYMENT_TARGET = 10.8;
				ONLY_ACTIVE_ARCH = YES;
				SDKROOT = macosx;
			};
			name = Debug;
		};
		3B4683AD15FF5DD60071C38C /* Release */ = {
			isa = XCBuildConfiguration;
			buildSettings = {
				ALWAYS_SEARCH_USER_PATHS = NO;
				ARCHS = "$(ARCHS_STANDARD_64_BIT)";
				CLANG_CXX_LANGUAGE_STANDARD = "gnu++0x";
				CLANG_WARN__DUPLICATE_METHOD_MATCH = YES;
				COPY_PHASE_STRIP = YES;
				DEBUG_INFORMATION_FORMAT = "dwarf-with-dsym";
				GCC_C_LANGUAGE_STANDARD = gnu99;
				GCC_ENABLE_OBJC_EXCEPTIONS = YES;
				GCC_WARN_64_TO_32_BIT_CONVERSION = YES;
				GCC_WARN_ABOUT_RETURN_TYPE = YES;
				GCC_WARN_UNINITIALIZED_AUTOS = YES;
				GCC_WARN_UNUSED_VARIABLE = YES;
				MACOSX_DEPLOYMENT_TARGET = 10.8;
				SDKROOT = macosx;
			};
			name = Release;
		};
		3B4683AF15FF5DD60071C38C /* Debug */ = {
			isa = XCBuildConfiguration;
			buildSettings = {
				PRODUCT_NAME = "$(TARGET_NAME)";
			};
			name = Debug;
		};
		3B4683B015FF5DD60071C38C /* Release */ = {
			isa = XCBuildConfiguration;
			buildSettings = {
				PRODUCT_NAME = "$(TARGET_NAME)";
			};
			name = Release;
		};
/* End XCBuildConfiguration section */

/* Begin XCConfigurationList section */
		3B46839E15FF5DD60071C38C /* Build configuration list for PBXProject "flood" */ = {
			isa = XCConfigurationList;
			buildConfigurations = (
				3B4683AC15FF5DD60071C38C /* Debug */,
				3B4683AD15FF5DD60071C38C /* Release */,
			);
			defaultConfigurationIsVisible = 0;
			defaultConfigurationName = Release;
		};
		3B4683AE15FF5DD60071C38C /* Build configuration list for PBXNativeTarget "flood" */ = {
			isa = XCConfigurationList;
			buildConfigurations = (
				3B4683AF15FF5DD60071C38C /* Debug */,
				3B4683B015FF5DD60071C38C /* Release */,
			);
			defaultConfigurationIsVisible = 0;
			defaultConfigurationName = Release;
		};
/* End XCConfigurationList section */
	};
	rootObject = 3B46839B15FF5DD60071C38C /* Project object */;
}
